
Microsoft Visual Studio Solution File, Format Version 12.00
# Visual Studio 15
VisualStudioVersion = 15.0.28307.1622
MinimumVisualStudioVersion = 10.0.40219.1
Project("{FAE04EC0-301F-11D3-BF4B-00C04F79EFBC}") = "sample01", "sample01\sample01.csproj", "{7762E871-21D0-4B5C-8C3F-2851D891A6BC}"
EndProject
Global
	GlobalSection(SolutionConfigurationPlatforms) = preSolution
		Debug|Any CPU = Debug|Any CPU
		Release|Any CPU = Release|Any CPU
	EndGlobalSection
	GlobalSection(ProjectConfigurationPlatforms) = postSolution
		{7762E871-21D0-4B5C-8C3F-2851D891A6BC}.Debug|Any CPU.ActiveCfg = Debug|Any CPU
		{7762E871-21D0-4B5C-8C3F-2851D891A6BC}.Debug|Any CPU.Build.0 = Debug|Any CPU
		{7762E871-21D0-4B5C-8C3F-2851D891A6BC}.Release|Any CPU.ActiveCfg = Release|Any CPU
		{7762E871-21D0-4B5C-8C3F-2851D891A6BC}.Release|Any CPU.Build.0 = Release|Any CPU
	EndGlobalSection
	GlobalSection(SolutionProperties) = preSolution
		HideSolutionNode = FALSE
	EndGlobalSection
	GlobalSection(ExtensibilityGlobals) = postSolution
		SolutionGuid = {7582E720-28AD-4554-B842-E0CEA740F3F5}
	EndGlobalSection
EndGlobal
